
Microsoft Visual Studio Solution File, Format Version 12.00
# Visual Studio 15
VisualStudioVersion = 15.0.28307.489
MinimumVisualStudioVersion = 10.0.40219.1
Project("{FAE04EC0-301F-11D3-BF4B-00C04F79EFBC}") = "AutoVscJava", "AutoVscJava\AutoVscJava.csproj", "{9F1D3B8A-B05C-4FED-AD90-B3F6B5853FBD}"
EndProject
Global
	GlobalSection(SolutionConfigurationPlatforms) = preSolution
		Debug|Any CPU = Debug|Any CPU
		Release|Any CPU = Release|Any CPU
	EndGlobalSection
	GlobalSection(ProjectConfigurationPlatforms) = postSolution
		{9F1D3B8A-B05C-4FED-AD90-B3F6B5853FBD}.Debug|Any CPU.ActiveCfg = Debug|Any CPU
		{9F1D3B8A-B05C-4FED-AD90-B3F6B5853FBD}.Debug|Any CPU.Build.0 = Debug|Any CPU
		{9F1D3B8A-B05C-4FED-AD90-B3F6B5853FBD}.Release|Any CPU.ActiveCfg = Release|Any CPU
		{9F1D3B8A-B05C-4FED-AD90-B3F6B5853FBD}.Release|Any CPU.Build.0 = Release|Any CPU
	EndGlobalSection
	GlobalSection(SolutionProperties) = preSolution
		HideSolutionNode = FALSE
	EndGlobalSection
	GlobalSection(ExtensibilityGlobals) = postSolution
		SolutionGuid = {4140DA4A-92DE-4111-84A6-6A49737F82BF}
	EndGlobalSection
EndGlobal
